
Microsoft Visual Studio Solution File, Format Version 12.00
# Visual Studio Version 16
VisualStudioVersion = 16.0.29926.136
MinimumVisualStudioVersion = 10.0.40219.1
Project("{9A19103F-16F7-4668-BE54-9A1E7A4F7556}") = "SGI", "SGR\SGI.csproj", "{F8316F26-FAD2-478B-990A-B4FCE0822559}"
EndProject
Project("{9A19103F-16F7-4668-BE54-9A1E7A4F7556}") = "SGI.WebApp", "SGI.WebApp\SGI.WebApp.csproj", "{F9174EC1-F3EC-4AB6-931B-AA040EEC5935}"
EndProject
Project("{9A19103F-16F7-4668-BE54-9A1E7A4F7556}") = "SGI.ApplicationCore", "SGI.ApplicationCore\SGI.ApplicationCore.csproj", "{6C8C225B-842B-4085-B0F0-C60C7D65F8CD}"
EndProject
Project("{9A19103F-16F7-4668-BE54-9A1E7A4F7556}") = "SGI.Infrastructure", "SGI.Infrastructure\SGI.Infrastructure.csproj", "{B5E9D687-DF75-4CEA-8C45-2361B806D772}"
EndProject
Global
	GlobalSection(SolutionConfigurationPlatforms) = preSolution
		Debug|Any CPU = Debug|Any CPU
		Release|Any CPU = Release|Any CPU
	EndGlobalSection
	GlobalSection(ProjectConfigurationPlatforms) = postSolution
		{F8316F26-FAD2-478B-990A-B4FCE0822559}.Debug|Any CPU.ActiveCfg = Debug|Any CPU
		{F8316F26-FAD2-478B-990A-B4FCE0822559}.Debug|Any CPU.Build.0 = Debug|Any CPU
		{F8316F26-FAD2-478B-990A-B4FCE0822559}.Release|Any CPU.ActiveCfg = Release|Any CPU
		{F8316F26-FAD2-478B-990A-B4FCE0822559}.Release|Any CPU.Build.0 = Release|Any CPU
		{F9174EC1-F3EC-4AB6-931B-AA040EEC5935}.Debug|Any CPU.ActiveCfg = Debug|Any CPU
		{F9174EC1-F3EC-4AB6-931B-AA040EEC5935}.Debug|Any CPU.Build.0 = Debug|Any CPU
		{F9174EC1-F3EC-4AB6-931B-AA040EEC5935}.Release|Any CPU.ActiveCfg = Release|Any CPU
		{F9174EC1-F3EC-4AB6-931B-AA040EEC5935}.Release|Any CPU.Build.0 = Release|Any CPU
		{6C8C225B-842B-4085-B0F0-C60C7D65F8CD}.Debug|Any CPU.ActiveCfg = Debug|Any CPU
		{6C8C225B-842B-4085-B0F0-C60C7D65F8CD}.Debug|Any CPU.Build.0 = Debug|Any CPU
		{6C8C225B-842B-4085-B0F0-C60C7D65F8CD}.Release|Any CPU.ActiveCfg = Release|Any CPU
		{6C8C225B-842B-4085-B0F0-C60C7D65F8CD}.Release|Any CPU.Build.0 = Release|Any CPU
		{B5E9D687-DF75-4CEA-8C45-2361B806D772}.Debug|Any CPU.ActiveCfg = Debug|Any CPU
		{B5E9D687-DF75-4CEA-8C45-2361B806D772}.Debug|Any CPU.Build.0 = Debug|Any CPU
		{B5E9D687-DF75-4CEA-8C45-2361B806D772}.Release|Any CPU.ActiveCfg = Release|Any CPU
		{B5E9D687-DF75-4CEA-8C45-2361B806D772}.Release|Any CPU.Build.0 = Release|Any CPU
	EndGlobalSection
	GlobalSection(SolutionProperties) = preSolution
		HideSolutionNode = FALSE
	EndGlobalSection
	GlobalSection(ExtensibilityGlobals) = postSolution
		SolutionGuid = {EB121A01-A9CE-4F8F-B776-7506CF21D901}
	EndGlobalSection
EndGlobal
